
Microsoft Visual Studio Solution File, Format Version 12.00
# Visual Studio Version 16
VisualStudioVersion = 16.0.30717.126
MinimumVisualStudioVersion = 10.0.40219.1
Project("{FAE04EC0-301F-11D3-BF4B-00C04F79EFBC}") = "D50E01", "D50E01.csproj", "{4126365B-047C-4ABE-AAF3-875E74D35FA7}"
EndProject
Global
	GlobalSection(SolutionConfigurationPlatforms) = preSolution
		Debug|Any CPU = Debug|Any CPU
		Release|Any CPU = Release|Any CPU
	EndGlobalSection
	GlobalSection(ProjectConfigurationPlatforms) = postSolution
		{4126365B-047C-4ABE-AAF3-875E74D35FA7}.Debug|Any CPU.ActiveCfg = Debug|Any CPU
		{4126365B-047C-4ABE-AAF3-875E74D35FA7}.Debug|Any CPU.Build.0 = Debug|Any CPU
		{4126365B-047C-4ABE-AAF3-875E74D35FA7}.Release|Any CPU.ActiveCfg = Release|Any CPU
		{4126365B-047C-4ABE-AAF3-875E74D35FA7}.Release|Any CPU.Build.0 = Release|Any CPU
	EndGlobalSection
	GlobalSection(SolutionProperties) = preSolution
		HideSolutionNode = FALSE
	EndGlobalSection
	GlobalSection(ExtensibilityGlobals) = postSolution
		SolutionGuid = {B427E589-9FD8-46D7-BF3D-9A3AEB2EE8FF}
	EndGlobalSection
EndGlobal
